Microsoft Visual Studio Solution File, Format Version 12.00
# Visual Studio Version 17
VisualStudioVersion = 17.5.2.0
MinimumVisualStudioVersion = 10.0.40219.1
Project("{FAE04EC0-301F-11D3-BF4B-00C04F79EFBC}") = "Lab19_Ex01", "Lab19_Ex01\Lab19_Ex01.csproj", "{AD81AEF7-B254-36AD-CF48-4869F8F8DD2B}"
EndProject
Project("{FAE04EC0-301F-11D3-BF4B-00C04F79EFBC}") = "Lab19_Ex02", "Lab19_Ex02\Lab19_Ex02.csproj", "{DE4E6F87-EDA6-19DE-59AA-2B1D4026CB8D}"
EndProject
Project("{FAE04EC0-301F-11D3-BF4B-00C04F79EFBC}") = "Lab19_Ex03", "Lab19_Ex03\Lab19_Ex03.csproj", "{AE203529-F15B-87EE-985C-17DD596E930A}"
EndProject
Project("{FAE04EC0-301F-11D3-BF4B-00C04F79EFBC}") = "Lab19_Ex04", "Lab19_Ex04\Lab19_Ex04.csproj", "{DA0C9C81-4A9A-493D-7547-1276FB46830F}"
EndProject
Project("{FAE04EC0-301F-11D3-BF4B-00C04F79EFBC}") = "Lab19_Ex05", "Lab19_Ex05\Lab19_Ex05.csproj", "{3974B2B6-4B8F-17CB-51F3-0C858D0535F8}"
EndProject
Project("{FAE04EC0-301F-11D3-BF4B-00C04F79EFBC}") = "Lab19_Ex06", "Lab19_Ex06\Lab19_Ex06.csproj", "{D98D50FE-59AA-CEC1-D515-FDF3FFF6C2D2}"
EndProject
Project("{FAE04EC0-301F-11D3-BF4B-00C04F79EFBC}") = "Lab19_Ex07", "Lab19_Ex07\Lab19_Ex07.csproj", "{D2CE2EF7-DA74-60B3-26C7-8D055E80FF9C}"
EndProject
Project("{FAE04EC0-301F-11D3-BF4B-00C04F79EFBC}") = "Lab19_Ex08", "Lab19_Ex08\Lab19_Ex08.csproj", "{91CCA47E-D32C-3B17-B4C3-24E0C04F4490}"
EndProject
Project("{FAE04EC0-301F-11D3-BF4B-00C04F79EFBC}") = "Lab19_Ex09", "Lab19_Ex09\Lab19_Ex09.csproj", "{4777BE7E-59C7-1CBE-D8E0-852FC0A41DD7}"
EndProject
Project("{FAE04EC0-301F-11D3-BF4B-00C04F79EFBC}") = "Lab19_Ex10", "Lab19_Ex10\Lab19_Ex10.csproj", "{8382D371-EEE3-F789-F1F1-9E33B146BC3D}"
EndProject
Global
	GlobalSection(SolutionConfigurationPlatforms) = preSolution
		Debug|Any CPU = Debug|Any CPU
		Release|Any CPU = Release|Any CPU
	EndGlobalSection
	GlobalSection(ProjectConfigurationPlatforms) = postSolution
		{AD81AEF7-B254-36AD-CF48-4869F8F8DD2B}.Debug|Any CPU.ActiveCfg = Debug|Any CPU
		{AD81AEF7-B254-36AD-CF48-4869F8F8DD2B}.Debug|Any CPU.Build.0 = Debug|Any CPU
		{AD81AEF7-B254-36AD-CF48-4869F8F8DD2B}.Release|Any CPU.ActiveCfg = Release|Any CPU
		{AD81AEF7-B254-36AD-CF48-4869F8F8DD2B}.Release|Any CPU.Build.0 = Release|Any CPU
		{DE4E6F87-EDA6-19DE-59AA-2B1D4026CB8D}.Debug|Any CPU.ActiveCfg = Debug|Any CPU
		{DE4E6F87-EDA6-19DE-59AA-2B1D4026CB8D}.Debug|Any CPU.Build.0 = Debug|Any CPU
		{DE4E6F87-EDA6-19DE-59AA-2B1D4026CB8D}.Release|Any CPU.ActiveCfg = Release|Any CPU
		{DE4E6F87-EDA6-19DE-59AA-2B1D4026CB8D}.Release|Any CPU.Build.0 = Release|Any CPU
		{AE203529-F15B-87EE-985C-17DD596E930A}.Debug|Any CPU.ActiveCfg = Debug|Any CPU
		{AE203529-F15B-87EE-985C-17DD596E930A}.Debug|Any CPU.Build.0 = Debug|Any CPU
		{AE203529-F15B-87EE-985C-17DD596E930A}.Release|Any CPU.ActiveCfg = Release|Any CPU
		{AE203529-F15B-87EE-985C-17DD596E930A}.Release|Any CPU.Build.0 = Release|Any CPU
		{DA0C9C81-4A9A-493D-7547-1276FB46830F}.Debug|Any CPU.ActiveCfg = Debug|Any CPU
		{DA0C9C81-4A9A-493D-7547-1276FB46830F}.Debug|Any CPU.Build.0 = Debug|Any CPU
		{DA0C9C81-4A9A-493D-7547-1276FB46830F}.Release|Any CPU.ActiveCfg = Release|Any CPU
		{DA0C9C81-4A9A-493D-7547-1276FB46830F}.Release|Any CPU.Build.0 = Release|Any CPU
		{3974B2B6-4B8F-17CB-51F3-0C858D0535F8}.Debug|Any CPU.ActiveCfg = Debug|Any CPU
		{3974B2B6-4B8F-17CB-51F3-0C858D0535F8}.Debug|Any CPU.Build.0 = Debug|Any CPU
		{3974B2B6-4B8F-17CB-51F3-0C858D0535F8}.Release|Any CPU.ActiveCfg = Release|Any CPU
		{3974B2B6-4B8F-17CB-51F3-0C858D0535F8}.Release|Any CPU.Build.0 = Release|Any CPU
		{D98D50FE-59AA-CEC1-D515-FDF3FFF6C2D2}.Debug|Any CPU.ActiveCfg = Debug|Any CPU
		{D98D50FE-59AA-CEC1-D515-FDF3FFF6C2D2}.Debug|Any CPU.Build.0 = Debug|Any CPU
		{D98D50FE-59AA-CEC1-D515-FDF3FFF6C2D2}.Release|Any CPU.ActiveCfg = Release|Any CPU
		{D98D50FE-59AA-CEC1-D515-FDF3FFF6C2D2}.Release|Any CPU.Build.0 = Release|Any CPU
		{D2CE2EF7-DA74-60B3-26C7-8D055E80FF9C}.Debug|Any CPU.ActiveCfg = Debug|Any CPU
		{D2CE2EF7-DA74-60B3-26C7-8D055E80FF9C}.Debug|Any CPU.Build.0 = Debug|Any CPU
		{D2CE2EF7-DA74-60B3-26C7-8D055E80FF9C}.Release|Any CPU.ActiveCfg = Release|Any CPU
		{D2CE2EF7-DA74-60B3-26C7-8D055E80FF9C}.Release|Any CPU.Build.0 = Release|Any CPU
		{91CCA47E-D32C-3B17-B4C3-24E0C04F4490}.Debug|Any CPU.ActiveCfg = Debug|Any CPU
		{91CCA47E-D32C-3B17-B4C3-24E0C04F4490}.Debug|Any CPU.Build.0 = Debug|Any CPU
		{91CCA47E-D32C-3B17-B4C3-24E0C04F4490}.Release|Any CPU.ActiveCfg = Release|Any CPU
		{91CCA47E-D32C-3B17-B4C3-24E0C04F4490}.Release|Any CPU.Build.0 = Release|Any CPU
		{4777BE7E-59C7-1CBE-D8E0-852FC0A41DD7}.Debug|Any CPU.ActiveCfg = Debug|Any CPU
		{4777BE7E-59C7-1CBE-D8E0-852FC0A41DD7}.Debug|Any CPU.Build.0 = Debug|Any CPU
		{4777BE7E-59C7-1CBE-D8E0-852FC0A41DD7}.Release|Any CPU.ActiveCfg = Release|Any CPU
		{4777BE7E-59C7-1CBE-D8E0-852FC0A41DD7}.Release|Any CPU.Build.0 = Release|Any CPU
		{8382D371-EEE3-F789-F1F1-9E33B146BC3D}.Debug|Any CPU.ActiveCfg = Debug|Any CPU
		{8382D371-EEE3-F789-F1F1-9E33B146BC3D}.Debug|Any CPU.Build.0 = Debug|Any CPU
		{8382D371-EEE3-F789-F1F1-9E33B146BC3D}.Release|Any CPU.ActiveCfg = Release|Any CPU
		{8382D371-EEE3-F789-F1F1-9E33B146BC3D}.Release|Any CPU.Build.0 = Release|Any CPU
	EndGlobalSection
	GlobalSection(SolutionProperties) = preSolution
		HideSolutionNode = FALSE
	EndGlobalSection
	GlobalSection(ExtensibilityGlobals) = postSolution
		SolutionGuid = {116DE0CE-1878-491C-93DF-A217606883D1}
	EndGlobalSection
EndGlobal
